
Microsoft Visual Studio Solution File, Format Version 12.00
# Visual Studio Version 16
VisualStudioVersion = 16.0.29102.190
MinimumVisualStudioVersion = 10.0.40219.1
Project("{FAE04EC0-301F-11D3-BF4B-00C04F79EFBC}") = "MasDLL", "KullaniciDLL\MasDLL.csproj", "{830DE735-45A5-47CF-81A3-923E7AFFDD5A}"
EndProject
Global
	GlobalSection(SolutionConfigurationPlatforms) = preSolution
		Debug|Any CPU = Debug|Any CPU
		Release|Any CPU = Release|Any CPU
	EndGlobalSection
	GlobalSection(ProjectConfigurationPlatforms) = postSolution
		{830DE735-45A5-47CF-81A3-923E7AFFDD5A}.Debug|Any CPU.ActiveCfg = Debug|Any CPU
		{830DE735-45A5-47CF-81A3-923E7AFFDD5A}.Debug|Any CPU.Build.0 = Debug|Any CPU
		{830DE735-45A5-47CF-81A3-923E7AFFDD5A}.Release|Any CPU.ActiveCfg = Release|Any CPU
		{830DE735-45A5-47CF-81A3-923E7AFFDD5A}.Release|Any CPU.Build.0 = Release|Any CPU
	EndGlobalSection
	GlobalSection(SolutionProperties) = preSolution
		HideSolutionNode = FALSE
	EndGlobalSection
	GlobalSection(ExtensibilityGlobals) = postSolution
		SolutionGuid = {6971B54B-1EEC-4F73-80E7-F9B703DD6A20}
	EndGlobalSection
EndGlobal
